
Microsoft Visual Studio Solution File, Format Version 12.00
# Visual Studio Version 16
VisualStudioVersion = 16.0.30204.135
MinimumVisualStudioVersion = 10.0.40219.1
Project("{FAE04EC0-301F-11D3-BF4B-00C04F79EFBC}") = "Libraries", "Source\Libraries.csproj", "{8E790B9D-FBDC-42AA-B2F1-8869D7E2E78C}"
EndProject
Global
	GlobalSection(SolutionConfigurationPlatforms) = preSolution
		Debug|Any CPU = Debug|Any CPU
		Release|Any CPU = Release|Any CPU
	EndGlobalSection
	GlobalSection(ProjectConfigurationPlatforms) = postSolution
		{8E790B9D-FBDC-42AA-B2F1-8869D7E2E78C}.Debug|Any CPU.ActiveCfg = Debug|Any CPU
		{8E790B9D-FBDC-42AA-B2F1-8869D7E2E78C}.Debug|Any CPU.Build.0 = Debug|Any CPU
		{8E790B9D-FBDC-42AA-B2F1-8869D7E2E78C}.Release|Any CPU.ActiveCfg = Release|Any CPU
		{8E790B9D-FBDC-42AA-B2F1-8869D7E2E78C}.Release|Any CPU.Build.0 = Release|Any CPU
	EndGlobalSection
	GlobalSection(SolutionProperties) = preSolution
		HideSolutionNode = FALSE
	EndGlobalSection
	GlobalSection(ExtensibilityGlobals) = postSolution
		SolutionGuid = {BED22A5E-4208-4AE5-A95D-B9C6B624535F}
	EndGlobalSection
EndGlobal
